
Microsoft Visual Studio Solution File, Format Version 12.00
# Visual Studio Version 16
VisualStudioVersion = 16.0.29609.76
MinimumVisualStudioVersion = 10.0.40219.1
Project("{FAE04EC0-301F-11D3-BF4B-00C04F79EFBC}") = "QuickConsoleApp", "QuickConsoleApp\QuickConsoleApp.csproj", "{81B75B18-DB4F-4F4D-9BEE-15A246542320}"
EndProject
Project("{FAE04EC0-301F-11D3-BF4B-00C04F79EFBC}") = "Tests", "Tests\Tests.csproj", "{C99BE662-A9A6-4DCE-B445-F3EB9DCC182F}"
	ProjectSection(ProjectDependencies) = postProject
		{81B75B18-DB4F-4F4D-9BEE-15A246542320} = {81B75B18-DB4F-4F4D-9BEE-15A246542320}
	EndProjectSection
EndProject
Global
	GlobalSection(SolutionConfigurationPlatforms) = preSolution
		Debug|Any CPU = Debug|Any CPU
		Release|Any CPU = Release|Any CPU
	EndGlobalSection
	GlobalSection(ProjectConfigurationPlatforms) = postSolution
		{81B75B18-DB4F-4F4D-9BEE-15A246542320}.Debug|Any CPU.ActiveCfg = Debug|Any CPU
		{81B75B18-DB4F-4F4D-9BEE-15A246542320}.Debug|Any CPU.Build.0 = Debug|Any CPU
		{81B75B18-DB4F-4F4D-9BEE-15A246542320}.Release|Any CPU.ActiveCfg = Release|Any CPU
		{81B75B18-DB4F-4F4D-9BEE-15A246542320}.Release|Any CPU.Build.0 = Release|Any CPU
		{C99BE662-A9A6-4DCE-B445-F3EB9DCC182F}.Debug|Any CPU.ActiveCfg = Debug|Any CPU
		{C99BE662-A9A6-4DCE-B445-F3EB9DCC182F}.Debug|Any CPU.Build.0 = Debug|Any CPU
		{C99BE662-A9A6-4DCE-B445-F3EB9DCC182F}.Release|Any CPU.ActiveCfg = Release|Any CPU
		{C99BE662-A9A6-4DCE-B445-F3EB9DCC182F}.Release|Any CPU.Build.0 = Release|Any CPU
	EndGlobalSection
	GlobalSection(SolutionProperties) = preSolution
		HideSolutionNode = FALSE
	EndGlobalSection
	GlobalSection(ExtensibilityGlobals) = postSolution
		SolutionGuid = {46815CFA-03DE-4567-8FBA-B15857983452}
	EndGlobalSection
EndGlobal
